{
  "name": "apothecary-viewer",
  "version": "0.0.0",
  "lockfileVersion": 3,
  "requires": true,
  "packages": {
    "": {
      "name": "apothecary-viewer",
      "version": "0.0.0",
      "dependencies": {
        "@jscad/web": "^2.6.0",
        "three": "^0.160.0"
      }
    },
    "node_modules/@jscad/3mf-serializer": {
      "version": "2.1.15",
      "resolved": "https://registry.npmjs.org/@jscad/3mf-serializer/-/3mf-serializer-2.1.15.tgz",
      "integrity": "sha512-9t/5F7gBvf5gVujHWmaX1fMH69AcWkPYgyWfjloh4dbsZZd3E1NSmwE6ZUtIkmuo2ewI/h5HOTZiODbqvEOe4w==",
      "dependencies": {
        "@jscad/array-utils": "2.1.4",
        "@jscad/modeling": "2.12.6",
        "fflate": "0.7.3",
        "onml": "1.2.0"
      }
    },
    "node_modules/@jscad/amf-deserializer": {
      "version": "2.3.11",
      "resolved": "https://registry.npmjs.org/@jscad/amf-deserializer/-/amf-deserializer-2.3.11.tgz",
      "integrity": "sha512-cz5LbyEhtVZRghUFVgFC8fcKGskaochfOfzMtRm21c8RbSIlawRM81c4svOAkorA/RIviRuKeWikdzVrZd3fVg==",
      "dependencies": {
        "@jscad/io-utils": "2.0.31",
        "@jscad/modeling": "2.12.6",
        "saxes": "5.0.1"
      }
    },
    "node_modules/@jscad/amf-serializer": {
      "version": "2.1.21",
      "resolved": "https://registry.npmjs.org/@jscad/amf-serializer/-/amf-serializer-2.1.21.tgz",
      "integrity": "sha512-c2xgKkyz92MDfrt14bsWmA9Kk6s9UMOVLuveM5qBmXoxU1isx+mVik6gxGpK4vX/PT4/bhMFxh46uFQ53HUVMw==",
      "dependencies": {
        "@jscad/array-utils": "2.1.4",
        "@jscad/modeling": "2.12.6",
        "onml": "1.3.0"
      }
    },
    "node_modules/@jscad/amf-serializer/node_modules/onml": {
      "version": "1.3.0",
      "resolved": "https://registry.npmjs.org/onml/-/onml-1.3.0.tgz",
      "integrity": "sha512-RhGUsC6Im2A5vAdIvxE3auRKTqrqUZQl/AYLn8+9lM3SO4da5bwhcI5TcM+hfQxNCSLLOVErsl9p0ZPjKKmz+g==",
      "dependencies": {
        "sax": "^1.2.1"
      }
    },
    "node_modules/@jscad/array-utils": {
      "version": "2.1.4",
      "resolved": "https://registry.npmjs.org/@jscad/array-utils/-/array-utils-2.1.4.tgz",
      "integrity": "sha512-c31r4zSKsE+4Xfwk2V8monDA0hx5G89QGzaakWVUvuGNowYS9WSsYCwHiTIXodjR+HEnDu4okQ7k/whmP0Ne2g=="
    },
    "node_modules/@jscad/core": {
      "version": "2.6.13",
      "resolved": "https://registry.npmjs.org/@jscad/core/-/core-2.6.13.tgz",
      "integrity": "sha512-5zvv5SWFfk07rL7anjJ3FP/9/J+9xavkT50AXpCmp6qomyP/IsoZiEjovwAHwnUJMKNm7hjD1zPdvgwYrsD3RA==",
      "dependencies": {
        "@jscad/array-utils": "2.1.4",
        "@jscad/io": "2.4.12",
        "@jscad/io-utils": "2.0.31",
        "@jscad/modeling": "2.12.6",
        "json5": "2.2.3",
        "strip-bom": "4.0.0"
      }
    },
    "node_modules/@jscad/dxf-deserializer": {
      "version": "2.3.28",
      "resolved": "https://registry.npmjs.org/@jscad/dxf-deserializer/-/dxf-deserializer-2.3.28.tgz",
      "integrity": "sha512-p4v+AYkPuO7YmXpthEjfa8F8KN2akX4dPlsl4UBNZnLRg58XX4vOwCroEUNTLU2DD6tCGGGZM1gOYqZvMK5N7Q==",
      "dependencies": {
        "@jscad/io-utils": "2.0.31",
        "@jscad/modeling": "2.12.6"
      }
    },
    "node_modules/@jscad/dxf-serializer": {
      "version": "2.1.21",
      "resolved": "https://registry.npmjs.org/@jscad/dxf-serializer/-/dxf-serializer-2.1.21.tgz",
      "integrity": "sha512-S7KAxDGtuLLGgW2IMZ+4jfr8SsRgUSSC1rR+C+Wd5I47byrGghy9BcG4UVMCxXVAgWNg+an3J8oKKtOkdixo5g==",
      "dependencies": {
        "@jscad/array-utils": "2.1.4",
        "@jscad/modeling": "2.12.6"
      }
    },
    "node_modules/@jscad/examples": {
      "version": "2.4.2",
      "resolved": "https://registry.npmjs.org/@jscad/examples/-/examples-2.4.2.tgz",
      "integrity": "sha512-MiqA+yRn8gc/PlFvCysNQdgUxtiQjeeobsQiyWv+Dncibi6KT2QeMTmTRfFDFPAHRtcKBnMOmMuQN9zYFGetJw=="
    },
    "node_modules/@jscad/io": {
      "version": "2.4.12",
      "resolved": "https://registry.npmjs.org/@jscad/io/-/io-2.4.12.tgz",
      "integrity": "sha512-vRHv/n9FR4BGcGxYBBlmdP67cFzciGlMICQaC/xJB5iT3oxtIkrfhYOa/b/umMMCgEbxXhjtuKxlpce3ZTOz4A==",
      "dependencies": {
        "@jscad/3mf-serializer": "2.1.15",
        "@jscad/amf-deserializer": "2.3.11",
        "@jscad/amf-serializer": "2.1.21",
        "@jscad/array-utils": "2.1.4",
        "@jscad/dxf-deserializer": "2.3.28",
        "@jscad/dxf-serializer": "2.1.21",
        "@jscad/io-utils": "2.0.31",
        "@jscad/json-deserializer": "2.0.32",
        "@jscad/json-serializer": "2.0.31",
        "@jscad/modeling": "2.12.6",
        "@jscad/obj-deserializer": "2.0.31",
        "@jscad/obj-serializer": "2.1.21",
        "@jscad/stl-deserializer": "2.1.28",
        "@jscad/stl-serializer": "2.1.21",
        "@jscad/svg-deserializer": "2.5.12",
        "@jscad/svg-serializer": "2.3.19",
        "@jscad/x3d-deserializer": "2.2.11",
        "@jscad/x3d-serializer": "2.4.11"
      }
    },
    "node_modules/@jscad/io-utils": {
      "version": "2.0.31",
      "resolved": "https://registry.npmjs.org/@jscad/io-utils/-/io-utils-2.0.31.tgz",
      "integrity": "sha512-akalrc72lnzT6hDJH+1rkJA19NsBBXPXiZyyw69cyLtABnFJte2hehTBpkMiuM8BZZ0nQs/LwhhSRHRlCj4b8Q=="
    },
    "node_modules/@jscad/json-deserializer": {
      "version": "2.0.32",
      "resolved": "https://registry.npmjs.org/@jscad/json-deserializer/-/json-deserializer-2.0.32.tgz",
      "integrity": "sha512-6KGPXcI42RUsrAq+wvHPDIVaYg1/kqW4vQ+O8VItoo+AKYGkiHJsfJpk5t+lahZsZx9Zjf6pGkdW5hJg+RRjIg==",
      "dependencies": {
        "@jscad/array-utils": "2.1.4",
        "@jscad/io-utils": "2.0.31"
      }
    },
    "node_modules/@jscad/json-serializer": {
      "version": "2.0.31",
      "resolved": "https://registry.npmjs.org/@jscad/json-serializer/-/json-serializer-2.0.31.tgz",
      "integrity": "sha512-hg6NchgX4gvr2n6JbDAR6ac93t0ezbqLraqEGmdSgu2/MwGVJ30lLWkO8dgqADpDjJuXt/p08fgvHsH14uV6hQ==",
      "dependencies": {
        "@jscad/modeling": "2.12.6"
      }
    },
    "node_modules/@jscad/modeling": {
      "version": "2.12.6",
      "resolved": "https://registry.npmjs.org/@jscad/modeling/-/modeling-2.12.6.tgz",
      "integrity": "sha512-RyT7hrxuq9UHuBmsC8o+KzimQCY6En2IFiSYPDbSlNFKLFdOc3Kyq9NXpt5+RNQhrhLz6uo15XDtnE43EFF3YQ=="
    },
    "node_modules/@jscad/obj-deserializer": {
      "version": "2.0.31",
      "resolved": "https://registry.npmjs.org/@jscad/obj-deserializer/-/obj-deserializer-2.0.31.tgz",
      "integrity": "sha512-U1nATW5uvL7mHGm5vGqD1Z4DFeSllgPruFo3D3hhqr0rq80s4FuYVcf2Mq3vWFsAOsOvMS9JTzF3AJFH8O/kng==",
      "dependencies": {
        "@jscad/io-utils": "2.0.31",
        "@jscad/modeling": "2.12.6"
      }
    },
    "node_modules/@jscad/obj-serializer": {
      "version": "2.1.21",
      "resolved": "https://registry.npmjs.org/@jscad/obj-serializer/-/obj-serializer-2.1.21.tgz",
      "integrity": "sha512-sPMJR82uUfG2WRrXtAe8lf0vaUDcb4sAp7aJPjO7J0/eu0i4kZR7rOqYjoth2mUPq6wEnTZsG8Bdv6qQIggDtw==",
      "dependencies": {
        "@jscad/array-utils": "2.1.4",
        "@jscad/modeling": "2.12.6"
      }
    },
    "node_modules/@jscad/regl-renderer": {
      "version": "2.6.13",
      "resolved": "https://registry.npmjs.org/@jscad/regl-renderer/-/regl-renderer-2.6.13.tgz",
      "integrity": "sha512-6QpHYUtO0v9v68wcI1vRPaA6kacdv4q172EKf91pwZCjj4hUtHTfb6CJUOcwrJlPlYHVfoKgSCpL2SItbUzoRg==",
      "dependencies": {
        "@jscad/array-utils": "2.1.4",
        "camera-unproject": "1.0.1",
        "gl-mat4": "1.2.0",
        "gl-vec3": "1.1.3",
        "regl": "2.1.0"
      }
    },
    "node_modules/@jscad/stl-deserializer": {
      "version": "2.1.28",
      "resolved": "https://registry.npmjs.org/@jscad/stl-deserializer/-/stl-deserializer-2.1.28.tgz",
      "integrity": "sha512-gr8w59PuxQA15Q0GW3Z/doKeWkZdtK5HYZHmsigUOXpO+aEyXYxOE3GQrueHRd9Zq4NlEeFesbYMvqtPZElIbQ==",
      "dependencies": {
        "@jscad/io-utils": "2.0.31",
        "@jscad/modeling": "2.12.6"
      }
    },
    "node_modules/@jscad/stl-serializer": {
      "version": "2.1.21",
      "resolved": "https://registry.npmjs.org/@jscad/stl-serializer/-/stl-serializer-2.1.21.tgz",
      "integrity": "sha512-XHNBCxoMSiimNjL5kmWId1ToWdLYzbNWo2B3LKaxaxMnH0g6qZ36YHqTu5+SUxSARXRyFo/dFuwEwDPQc/vINA==",
      "dependencies": {
        "@jscad/array-utils": "2.1.4",
        "@jscad/modeling": "2.12.6"
      }
    },
    "node_modules/@jscad/svg-deserializer": {
      "version": "2.5.12",
      "resolved": "https://registry.npmjs.org/@jscad/svg-deserializer/-/svg-deserializer-2.5.12.tgz",
      "integrity": "sha512-hsszPlQ3/fBbwpqKujlQBviJuTRacIIhlFL5rvrAPUxHeIXYEkevMPF7CjC9Iajy/aw7Xfi/01AyRV9djImrqw==",
      "dependencies": {
        "@jscad/array-utils": "2.1.4",
        "@jscad/io-utils": "2.0.31",
        "@jscad/modeling": "2.12.6",
        "saxes": "5.0.1"
      }
    },
    "node_modules/@jscad/svg-serializer": {
      "version": "2.3.19",
      "resolved": "https://registry.npmjs.org/@jscad/svg-serializer/-/svg-serializer-2.3.19.tgz",
      "integrity": "sha512-2JQM1My/2PARSs2/XQq7DpMJYRS/IccCqd5SEkKHuqhn8oXsym47tv83bD64IF/cI+4VWqPAwHhyx/Q42lxKZg==",
      "dependencies": {
        "@jscad/modeling": "2.12.6",
        "onml": "1.3.0"
      }
    },
    "node_modules/@jscad/svg-serializer/node_modules/onml": {
      "version": "1.3.0",
      "resolved": "https://registry.npmjs.org/onml/-/onml-1.3.0.tgz",
      "integrity": "sha512-RhGUsC6Im2A5vAdIvxE3auRKTqrqUZQl/AYLn8+9lM3SO4da5bwhcI5TcM+hfQxNCSLLOVErsl9p0ZPjKKmz+g==",
      "dependencies": {
        "sax": "^1.2.1"
      }
    },
    "node_modules/@jscad/web": {
      "version": "2.6.11",
      "resolved": "https://registry.npmjs.org/@jscad/web/-/web-2.6.11.tgz",
      "integrity": "sha512-Swts7o4o4faH+C1mjR+B/ok0lIWK1gxiLKTKwMcsUHueW7CcZloPGnytqx4KvhknNlUuGRt8TLR8unUhdtykLg==",
      "hasInstallScript": true,
      "dependencies": {
        "@jscad/array-utils": "2.1.4",
        "@jscad/core": "2.6.13",
        "@jscad/examples": "2.4.2",
        "@jscad/io": "2.4.12",
        "@jscad/modeling": "2.12.6",
        "@jscad/regl-renderer": "2.6.13",
        "@most/create": "2.0.1",
        "brace": "0.11.1",
        "codemirror": "5.65.2",
        "es2015-i18n-tag": "1.6.1",
        "file-saver": "2.0.5",
        "is-electron": "2.2.1",
        "morphdom": "2.6.1",
        "most": "1.8.0",
        "most-proxy": "3.3.0",
        "nanohtml": "1.9.1",
        "webworkify": "1.5.0"
      }
    },
    "node_modules/@jscad/x3d-deserializer": {
      "version": "2.2.11",
      "resolved": "https://registry.npmjs.org/@jscad/x3d-deserializer/-/x3d-deserializer-2.2.11.tgz",
      "integrity": "sha512-aUE8TihwzMqeyEWPU1M69lWJBSC8VWqagYUF+WX3+CpMryeTXNsBQJaK1VZrETSPgJoxvtdSYNSremuTiarxHQ==",
      "dependencies": {
        "@jscad/array-utils": "2.1.4",
        "@jscad/io-utils": "2.0.31",
        "@jscad/modeling": "2.12.6",
        "saxes": "5.0.1"
      }
    },
    "node_modules/@jscad/x3d-serializer": {
      "version": "2.4.11",
      "resolved": "https://registry.npmjs.org/@jscad/x3d-serializer/-/x3d-serializer-2.4.11.tgz",
      "integrity": "sha512-L/lOFmzksv/HtkSd9AlKrH2eEQsgP9G3PysOZHrnYsuGafw1PrImmKwGnwGr6SFRkdxGGrwstUDbpra5I3raow==",
      "dependencies": {
        "@jscad/array-utils": "2.1.4",
        "@jscad/modeling": "2.12.6",
        "onml": "1.3.0"
      }
    },
    "node_modules/@jscad/x3d-serializer/node_modules/onml": {
      "version": "1.3.0",
      "resolved": "https://registry.npmjs.org/onml/-/onml-1.3.0.tgz",
      "integrity": "sha512-RhGUsC6Im2A5vAdIvxE3auRKTqrqUZQl/AYLn8+9lM3SO4da5bwhcI5TcM+hfQxNCSLLOVErsl9p0ZPjKKmz+g==",
      "dependencies": {
        "sax": "^1.2.1"
      }
    },
    "node_modules/@most/create": {
      "version": "2.0.1",
      "resolved": "https://registry.npmjs.org/@most/create/-/create-2.0.1.tgz",
      "integrity": "sha512-CNb9cfPU14q6wG/XUi0nwi7xpCpeDSogcECwYcSiy7HQ2vgaU1WNtS+uFLo3ZeaDcNGPskL668SiolQroD3aww==",
      "dependencies": {
        "@most/multicast": "^1.2.4"
      },
      "peerDependencies": {
        "most": "^1.0.0"
      }
    },
    "node_modules/@most/multicast": {
      "version": "1.3.0",
      "resolved": "https://registry.npmjs.org/@most/multicast/-/multicast-1.3.0.tgz",
      "integrity": "sha512-DWH8AShgp5bXn+auGzf5tzPxvpmEvQJd0CNsApOci1LDF4eAEcnw4HQOr2Jaa+L92NbDYFKBSXxll+i7r1ikvw==",
      "dependencies": {
        "@most/prelude": "^1.4.0"
      },
      "peerDependencies": {
        "most": "^1.0.1"
      }
    },
    "node_modules/@most/prelude": {
      "version": "1.8.0",
      "resolved": "https://registry.npmjs.org/@most/prelude/-/prelude-1.8.0.tgz",
      "integrity": "sha512-t1CcURpZzfmBA6fEWwqmCqeNzWAj1w2WqEmCk/2yXMe/p8Ut000wFmVKMy8A1Rl9VVxZEZ5nBHd/pU0dR4bv/w=="
    },
    "node_modules/acorn": {
      "version": "7.4.1",
      "resolved": "https://registry.npmjs.org/acorn/-/acorn-7.4.1.tgz",
      "integrity": "sha512-nQyp0o1/mNdbTO1PO6kHkwSrmgZ0MT/jCCpNiwbUjGoRN4dlBhqJtoQuCnEOKzgTVwg0ZWiCoQy6SxMebQVh8A==",
      "bin": {
        "acorn": "bin/acorn"
      },
      "engines": {
        "node": ">=0.4.0"
      }
    },
    "node_modules/acorn-node": {
      "version": "1.8.2",
      "resolved": "https://registry.npmjs.org/acorn-node/-/acorn-node-1.8.2.tgz",
      "integrity": "sha512-8mt+fslDufLYntIoPAaIMUe/lrbrehIiwmR3t2k9LljIzoigEPF27eLk2hy8zSGzmR/ogr7zbRKINMo1u0yh5A==",
      "dependencies": {
        "acorn": "^7.0.0",
        "acorn-walk": "^7.0.0",
        "xtend": "^4.0.2"
      }
    },
    "node_modules/acorn-walk": {
      "version": "7.2.0",
      "resolved": "https://registry.npmjs.org/acorn-walk/-/acorn-walk-7.2.0.tgz",
      "integrity": "sha512-OPdCF6GsMIP+Az+aWfAAOEt2/+iVDKE7oy6lJ098aoe59oAmK76qV6Gw60SbZ8jHuG2wH058GF4pLFbYamYrVA==",
      "engines": {
        "node": ">=0.4.0"
      }
    },
    "node_modules/ansi-regex": {
      "version": "2.1.1",
      "resolved": "https://registry.npmjs.org/ansi-regex/-/ansi-regex-2.1.1.tgz",
      "integrity": "sha512-TIGnTpdo+E3+pCyAluZvtED5p5wCqLdezCyhPZzKPcxvFplEt4i+W7OONCKgeZFT3+y5NZZfOOS/Bdcanm1MYA==",
      "engines": {
        "node": ">=0.10.0"
      }
    },
    "node_modules/ansi-styles": {
      "version": "2.2.1",
      "resolved": "https://registry.npmjs.org/ansi-styles/-/ansi-styles-2.2.1.tgz",
      "integrity": "sha512-kmCevFghRiWM7HB5zTPULl4r9bVFSWjz62MhqizDGUrq2NWuNMQyuv4tHHoKJHs69M/MF64lEcHdYIocrdWQYA==",
      "engines": {
        "node": ">=0.10.0"
      }
    },
    "node_modules/brace": {
      "version": "0.11.1",
      "resolved": "https://registry.npmjs.org/brace/-/brace-0.11.1.tgz",
      "integrity": "sha512-Fc8Ne62jJlKHiG/ajlonC4Sd66Pq68fFwK4ihJGNZpGqboc324SQk+lRvMzpPRuJOmfrJefdG8/7JdWX4bzJ2Q=="
    },
    "node_modules/browser-process-hrtime": {
      "version": "0.1.3",
      "resolved": "https://registry.npmjs.org/browser-process-hrtime/-/browser-process-hrtime-0.1.3.tgz",
      "integrity": "sha512-bRFnI4NnjO6cnyLmOV/7PVoDEMJChlcfN0z4s1YMBY989/SvlfMI1lgCnkFUs53e9gQF+w7qu7XdllSTiSl8Aw=="
    },
    "node_modules/camel-case": {
      "version": "3.0.0",
      "resolved": "https://registry.npmjs.org/camel-case/-/camel-case-3.0.0.tgz",
      "integrity": "sha512-+MbKztAYHXPr1jNTSKQF52VpcFjwY5RkR7fxksV8Doo4KAYc5Fl4UJRgthBbTmEx8C54DqahhbLJkDwjI3PI/w==",
      "dependencies": {
        "no-case": "^2.2.0",
        "upper-case": "^1.1.1"
      }
    },
    "node_modules/camera-unproject": {
      "version": "1.0.1",
      "resolved": "https://registry.npmjs.org/camera-unproject/-/camera-unproject-1.0.1.tgz",
      "integrity": "sha512-IAta9EeGGa9rLJsw9Fk0lrZycDg2fF6nl6AvJ+QrkROxc4IaawosU9PQjoqgFYrOe1+kqJlod/W2TAZkTpxZQg=="
    },
    "node_modules/chalk": {
      "version": "1.1.3",
      "resolved": "https://registry.npmjs.org/chalk/-/chalk-1.1.3.tgz",
      "integrity": "sha512-U3lRVLMSlsCfjqYPbLyVv11M9CPW4I728d6TCKMAOJueEeB9/8o+eSsMnxPJD+Q+K909sdESg7C+tIkoH6on1A==",
      "dependencies": {
        "ansi-styles": "^2.2.1",
        "escape-string-regexp": "^1.0.2",
        "has-ansi": "^2.0.0",
        "strip-ansi": "^3.0.0",
        "supports-color": "^2.0.0"
      },
      "engines": {
        "node": ">=0.10.0"
      }
    },
    "node_modules/codemirror": {
      "version": "5.65.2",
      "resolved": "https://registry.npmjs.org/codemirror/-/codemirror-5.65.2.tgz",
      "integrity": "sha512-SZM4Zq7XEC8Fhroqe3LxbEEX1zUPWH1wMr5zxiBuiUF64iYOUH/JI88v4tBag8MiBS8B8gRv8O1pPXGYXQ4ErA=="
    },
    "node_modules/convert-source-map": {
      "version": "1.9.0",
      "resolved": "https://registry.npmjs.org/convert-source-map/-/convert-source-map-1.9.0.tgz",
      "integrity": "sha512-ASFBup0Mz1uyiIjANan1jzLQami9z1PoYSZCiiYW2FczPbenXc45FZdBZLzOT+r6+iciuEModtmCti+hjaAk0A=="
    },
    "node_modules/core-util-is": {
      "version": "1.0.3",
      "resolved": "https://registry.npmjs.org/core-util-is/-/core-util-is-1.0.3.tgz",
      "integrity": "sha512-ZQBvi1DcpJ4GDqanjucZ2Hj3wEO5pZDS89BWbkcrvdxksJorwUDDZamX9ldFkp9aw2lmBDLgkObEA4DWNJ9FYQ=="
    },
    "node_modules/dash-ast": {
      "version": "1.0.0",
      "resolved": "https://registry.npmjs.org/dash-ast/-/dash-ast-1.0.0.tgz",
      "integrity": "sha512-Vy4dx7gquTeMcQR/hDkYLGUnwVil6vk4FOOct+djUnHOUWt+zJPJAaRIXaAFkPXtJjvlY7o3rfRu0/3hpnwoUA=="
    },
    "node_modules/es2015-i18n-tag": {
      "version": "1.6.1",
      "resolved": "https://registry.npmjs.org/es2015-i18n-tag/-/es2015-i18n-tag-1.6.1.tgz",
      "integrity": "sha512-MYoh9p+JTkgnzBh0MEBON6xUyzdmwT6wzsmmFJvZujGSXiI2kM+3XvFl6+AcIO2eeL6VWgtX9szSiDTMwDxyYA==",
      "engines": {
        "node": ">= 4.0.0"
      }
    },
    "node_modules/escape-string-regexp": {
      "version": "1.0.5",
      "resolved": "https://registry.npmjs.org/escape-string-regexp/-/escape-string-regexp-1.0.5.tgz",
      "integrity": "sha512-vbRorB5FUQWvla16U8R/qgaFIya2qGzwDrNmCZuYKrbdSUMG6I1ZCGQRefkRVhuOkIGVne7BQ35DSfo1qvJqFg==",
      "engines": {
        "node": ">=0.8.0"
      }
    },
    "node_modules/estree-is-member-expression": {
      "version": "1.0.0",
      "resolved": "https://registry.npmjs.org/estree-is-member-expression/-/estree-is-member-expression-1.0.0.tgz",
      "integrity": "sha512-Ec+X44CapIGExvSZN+pGkmr5p7HwUVQoPQSd458Lqwvaf4/61k/invHSh4BYK8OXnCkfEhWuIoG5hayKLQStIg=="
    },
    "node_modules/fflate": {
      "version": "0.7.3",
      "resolved": "https://registry.npmjs.org/fflate/-/fflate-0.7.3.tgz",
      "integrity": "sha512-0Zz1jOzJWERhyhsimS54VTqOteCNwRtIlh8isdL0AXLo0g7xNTfTL7oWrkmCnPhZGocKIkWHBistBrrpoNH3aw=="
    },
    "node_modules/file-saver": {
      "version": "2.0.5",
      "resolved": "https://registry.npmjs.org/file-saver/-/file-saver-2.0.5.tgz",
      "integrity": "sha512-P9bmyZ3h/PRG+Nzga+rbdI4OEpNDzAVyy74uVO9ATgzLK6VtAsYybF/+TOCvrc0MO793d6+42lLyZTw7/ArVzA=="
    },
    "node_modules/gl-mat4": {
      "version": "1.2.0",
      "resolved": "https://registry.npmjs.org/gl-mat4/-/gl-mat4-1.2.0.tgz",
      "integrity": "sha512-sT5C0pwB1/e9G9AvAoLsoaJtbMGjfd/jfxo8jMCKqYYEnjZuFvqV5rehqar0538EmssjdDeiEWnKyBSTw7quoA=="
    },
    "node_modules/gl-vec3": {
      "version": "1.1.3",
      "resolved": "https://registry.npmjs.org/gl-vec3/-/gl-vec3-1.1.3.tgz",
      "integrity": "sha512-jduKUqT0SGH02l8Yl+mV1yVsDfYgQAJyXGxkJQGyxPLHRiW25DwVIRPt6uvhrEMHftJfqhqKthRcyZqNEl9Xdw=="
    },
    "node_modules/has-ansi": {
      "version": "2.0.0",
      "resolved": "https://registry.npmjs.org/has-ansi/-/has-ansi-2.0.0.tgz",
      "integrity": "sha512-C8vBJ8DwUCx19vhm7urhTuUsr4/IyP6l4VzNQDv+ryHQObW3TTTp9yB68WpYgRe2bbaGuZ/se74IqFeVnMnLZg==",
      "dependencies": {
        "ansi-regex": "^2.0.0"
      },
      "engines": {
        "node": ">=0.10.0"
      }
    },
    "node_modules/hyperscript-attribute-to-property": {
      "version": "1.0.2",
      "resolved": "https://registry.npmjs.org/hyperscript-attribute-to-property/-/hyperscript-attribute-to-property-1.0.2.tgz",
      "integrity": "sha512-oerMul16jZCmrbNsUw8QgrtDzF8lKgFri1bKQjReLw1IhiiNkI59CWuzZjJDGT79UQ1YiWqXhJMv/tRMVqgtkA=="
    },
    "node_modules/hyperx": {
      "version": "2.5.4",
      "resolved": "https://registry.npmjs.org/hyperx/-/hyperx-2.5.4.tgz",
      "integrity": "sha512-iOkSh7Yse7lsN/B9y7OsevLWjeXPqGuHQ5SbwaiJM5xAhWFqhoN6erpK1dQsS12OFU36lyai1pnx1mmzWLQqcA==",
      "dependencies": {
        "hyperscript-attribute-to-property": "^1.0.0"
      }
    },
    "node_modules/inherits": {
      "version": "2.0.4",
      "resolved": "https://registry.npmjs.org/inherits/-/inherits-2.0.4.tgz",
      "integrity": "sha512-k/vGaX4/Yla3WzyMCvTQOXYeIHvqOKtnqBduzTHpzpQZzAskKMhZ2K+EnBiSM9zGSoIFeMpXKxa4dYeZIQqewQ=="
    },
    "node_modules/is-boolean-attribute": {
      "version": "0.0.1",
      "resolved": "https://registry.npmjs.org/is-boolean-attribute/-/is-boolean-attribute-0.0.1.tgz",
      "integrity": "sha512-0kXT52Scokg2Miscvsn5UVqg6y1691vcLJcagie1YHJB4zOEuAhMERLX992jtvaStGy2xQTqOtJhvmG/MK1T5w=="
    },
    "node_modules/is-buffer": {
      "version": "2.0.5",
      "resolved": "https://registry.npmjs.org/is-buffer/-/is-buffer-2.0.5.tgz",
      "integrity": "sha512-i2R6zNFDwgEHJyQUtJEk0XFi1i0dPFn/oqjK3/vPCcDeJvW5NQ83V8QbicfF1SupOaB0h8ntgBC2YiE7dfyctQ==",
      "funding": [
        {
          "type": "github",
          "url": "https://github.com/sponsors/feross"
        },
        {
          "type": "patreon",
          "url": "https://www.patreon.com/feross"
        },
        {
          "type": "consulting",
          "url": "https://feross.org/support"
        }
      ],
      "engines": {
        "node": ">=4"
      }
    },
    "node_modules/is-electron": {
      "version": "2.2.1",
      "resolved": "https://registry.npmjs.org/is-electron/-/is-electron-2.2.1.tgz",
      "integrity": "sha512-r8EEQQsqT+Gn0aXFx7lTFygYQhILLCB+wn0WCDL5LZRINeLH/Rvw1j2oKodELLXYNImQ3CRlVsY8wW4cGOsyuw=="
    },
    "node_modules/isarray": {
      "version": "1.0.0",
      "resolved": "https://registry.npmjs.org/isarray/-/isarray-1.0.0.tgz",
      "integrity": "sha512-VLghIWNM6ELQzo7zwmcg0NmTVyWKYjvIeM83yjp0wRDTmUnrM678fQbcKBo6n2CJEF0szoG//ytg+TKla89ALQ=="
    },
    "node_modules/json5": {
      "version": "2.2.3",
      "resolved": "https://registry.npmjs.org/json5/-/json5-2.2.3.tgz",
      "integrity": "sha512-XmOWe7eyHYH14cLdVPoyg+GOH3rYX++KpzrylJwSW98t3Nk+U8XOl8FWKOgwtzdb8lXGf6zYwDUzeHMWfxasyg==",
      "bin": {
        "json5": "lib/cli.js"
      },
      "engines": {
        "node": ">=6"
      }
    },
    "node_modules/lower-case": {
      "version": "1.1.4",
      "resolved": "https://registry.npmjs.org/lower-case/-/lower-case-1.1.4.tgz",
      "integrity": "sha512-2Fgx1Ycm599x+WGpIYwJOvsjmXFzTSc34IwDWALRA/8AopUKAVPwfJ+h5+f85BCp0PWmmJcWzEpxOpoXycMpdA=="
    },
    "node_modules/magic-string": {
      "version": "0.23.2",
      "resolved": "https://registry.npmjs.org/magic-string/-/magic-string-0.23.2.tgz",
      "integrity": "sha512-oIUZaAxbcxYIp4AyLafV6OVKoB3YouZs0UTCJ8mOKBHNyJgGDaMJ4TgA+VylJh6fx7EQCC52XkbURxxG9IoJXA==",
      "dependencies": {
        "sourcemap-codec": "^1.4.1"
      }
    },
    "node_modules/merge-source-map": {
      "version": "1.0.4",
      "resolved": "https://registry.npmjs.org/merge-source-map/-/merge-source-map-1.0.4.tgz",
      "integrity": "sha512-PGSmS0kfnTnMJCzJ16BLLCEe6oeYCamKFFdQKshi4BmM6FUwipjVOcBFGxqtQtirtAG4iZvHlqST9CpZKqlRjA==",
      "dependencies": {
        "source-map": "^0.5.6"
      }
    },
    "node_modules/morphdom": {
      "version": "2.6.1",
      "resolved": "https://registry.npmjs.org/morphdom/-/morphdom-2.6.1.tgz",
      "integrity": "sha512-Y8YRbAEP3eKykroIBWrjcfMw7mmwJfjhqdpSvoqinu8Y702nAwikpXcNFDiIkyvfCLxLM9Wu95RZqo4a9jFBaA=="
    },
    "node_modules/most": {
      "version": "1.8.0",
      "resolved": "https://registry.npmjs.org/most/-/most-1.8.0.tgz",
      "integrity": "sha512-V49VlfnnGBVSIcHVeW6jViOwsPwSdnw8qv2BQ97TCfJMA07Yq5BkjUnEPmDZ0Kqm6crTBlgmdnH+jO0qVJMXfw==",
      "dependencies": {
        "@most/multicast": "^1.2.5",
        "@most/prelude": "^1.4.0",
        "symbol-observable": "^1.0.2"
      }
    },
    "node_modules/most-proxy": {
      "version": "3.3.0",
      "resolved": "https://registry.npmjs.org/most-proxy/-/most-proxy-3.3.0.tgz",
      "integrity": "sha512-/pKI8dXDVf4M+9O/dBZFc7G4De4yb9nBHsAl2Tef6ysaa+FCFVbZDXz27i+G2TkJhk1YQuTV+KPHXUMBbe170Q==",
      "dependencies": {
        "@most/multicast": "^1.2.4",
        "most": "^1.1.0"
      }
    },
    "node_modules/mutexify": {
      "version": "1.4.0",
      "resolved": "https://registry.npmjs.org/mutexify/-/mutexify-1.4.0.tgz",
      "integrity": "sha512-pbYSsOrSB/AKN5h/WzzLRMFgZhClWccf2XIB4RSMC8JbquiB0e0/SH5AIfdQMdyHmYtv4seU7yV/TvAwPLJ1Yg==",
      "dependencies": {
        "queue-tick": "^1.0.0"
      }
    },
    "node_modules/nanoassert": {
      "version": "1.1.0",
      "resolved": "https://registry.npmjs.org/nanoassert/-/nanoassert-1.1.0.tgz",
      "integrity": "sha512-C40jQ3NzfkP53NsO8kEOFd79p4b9kDXQMwgiY1z8ZwrDZgUyom0AHwGegF4Dm99L+YoYhuaB0ceerUcXmqr1rQ=="
    },
    "node_modules/nanobench": {
      "version": "2.1.1",
      "resolved": "https://registry.npmjs.org/nanobench/-/nanobench-2.1.1.tgz",
      "integrity": "sha512-z+Vv7zElcjN+OpzAxAquUayFLGK3JI/ubCl0Oh64YQqsTGG09CGqieJVQw4ui8huDnnAgrvTv93qi5UaOoNj8A==",
      "dependencies": {
        "browser-process-hrtime": "^0.1.2",
        "chalk": "^1.1.3",
        "mutexify": "^1.1.0",
        "pretty-hrtime": "^1.0.2"
      },
      "bin": {
        "nanobench": "run.js",
        "nanobench-compare": "compare.js"
      }
    },
    "node_modules/nanohtml": {
      "version": "1.9.1",
      "resolved": "https://registry.npmjs.org/nanohtml/-/nanohtml-1.9.1.tgz",
      "integrity": "sha512-4snfp20yKdA6+dT1vv0F4l1oYmnFXPNHk3ZFTfOldD9LamFxQZ9gWk4gJz7wflq3XROLzrGQHfo0HT4V4kSkhQ==",
      "dependencies": {
        "acorn-node": "^1.8.2",
        "camel-case": "^3.0.0",
        "convert-source-map": "^1.5.1",
        "estree-is-member-expression": "^1.0.0",
        "hyperx": "^2.5.0",
        "is-boolean-attribute": "0.0.1",
        "nanoassert": "^1.1.0",
        "nanobench": "^2.1.0",
        "normalize-html-whitespace": "^0.2.0",
        "through2": "^2.0.3",
        "transform-ast": "^2.4.0"
      }
    },
    "node_modules/no-case": {
      "version": "2.3.2",
      "resolved": "https://registry.npmjs.org/no-case/-/no-case-2.3.2.tgz",
      "integrity": "sha512-rmTZ9kz+f3rCvK2TD1Ue/oZlns7OGoIWP4fc3llxxRXlOkHKoWPPWJOfFYpITabSow43QJbRIoHQXtt10VldyQ==",
      "dependencies": {
        "lower-case": "^1.1.1"
      }
    },
    "node_modules/normalize-html-whitespace": {
      "version": "0.2.0",
      "resolved": "https://registry.npmjs.org/normalize-html-whitespace/-/normalize-html-whitespace-0.2.0.tgz",
      "integrity": "sha512-5CZAEQ4bQi8Msqw0GAT6rrkrjNN4ZKqAG3+jJMwms4O6XoMvh6ekwOueG4mRS1LbPUR1r9EdnhxxfpzMTOdzKw==",
      "engines": {
        "node": ">= 0.10"
      }
    },
    "node_modules/onml": {
      "version": "1.2.0",
      "resolved": "https://registry.npmjs.org/onml/-/onml-1.2.0.tgz",
      "integrity": "sha512-olqYAg18XoHAhm7tK9DdBCOVdts70DGmMgCNLOWyqZokht2utgGSKBB4JHi6pBZpmioAhcYlxK+91L3tsrz+GA==",
      "dependencies": {
        "sax": "^1.2.1"
      }
    },
    "node_modules/pretty-hrtime": {
      "version": "1.0.3",
      "resolved": "https://registry.npmjs.org/pretty-hrtime/-/pretty-hrtime-1.0.3.tgz",
      "integrity": "sha512-66hKPCr+72mlfiSjlEB1+45IjXSqvVAIy6mocupoww4tBFE9R9IhwwUGoI4G++Tc9Aq+2rxOt0RFU6gPcrte0A==",
      "engines": {
        "node": ">= 0.8"
      }
    },
    "node_modules/process-nextick-args": {
      "version": "2.0.1",
      "resolved": "https://registry.npmjs.org/process-nextick-args/-/process-nextick-args-2.0.1.tgz",
      "integrity": "sha512-3ouUOpQhtgrbOa17J7+uxOTpITYWaGP7/AhoR3+A+/1e9skrzelGi/dXzEYyvbxubEF6Wn2ypscTKiKJFFn1ag=="
    },
    "node_modules/queue-tick": {
      "version": "1.0.1",
      "resolved": "https://registry.npmjs.org/queue-tick/-/queue-tick-1.0.1.tgz",
      "integrity": "sha512-kJt5qhMxoszgU/62PLP1CJytzd2NKetjSRnyuj31fDd3Rlcz3fzlFdFLD1SItunPwyqEOkca6GbV612BWfaBag=="
    },
    "node_modules/readable-stream": {
      "version": "2.3.8",
      "resolved": "https://registry.npmjs.org/readable-stream/-/readable-stream-2.3.8.tgz",
      "integrity": "sha512-8p0AUk4XODgIewSi0l8Epjs+EVnWiK7NoDIEGU0HhE7+ZyY8D1IMY7odu5lRrFXGg71L15KG8QrPmum45RTtdA==",
      "dependencies": {
        "core-util-is": "~1.0.0",
        "inherits": "~2.0.3",
        "isarray": "~1.0.0",
        "process-nextick-args": "~2.0.0",
        "safe-buffer": "~5.1.1",
        "string_decoder": "~1.1.1",
        "util-deprecate": "~1.0.1"
      }
    },
    "node_modules/regl": {
      "version": "2.1.0",
      "resolved": "https://registry.npmjs.org/regl/-/regl-2.1.0.tgz",
      "integrity": "sha512-oWUce/aVoEvW5l2V0LK7O5KJMzUSKeiOwFuJehzpSFd43dO5spP9r+sSUfhKtsky4u6MCqWJaRL+abzExynfTg=="
    },
    "node_modules/safe-buffer": {
      "version": "5.1.2",
      "resolved": "https://registry.npmjs.org/safe-buffer/-/safe-buffer-5.1.2.tgz",
      "integrity": "sha512-Gd2UZBJDkXlY7GbJxfsE8/nvKkUEU1G38c1siN6QP6a9PT9MmHB8GnpscSmMJSoF8LOIrt8ud/wPtojys4G6+g=="
    },
    "node_modules/sax": {
      "version": "1.4.4",
      "resolved": "https://registry.npmjs.org/sax/-/sax-1.4.4.tgz",
      "integrity": "sha512-1n3r/tGXO6b6VXMdFT54SHzT9ytu9yr7TaELowdYpMqY/Ao7EnlQGmAQ1+RatX7Tkkdm6hONI2owqNx2aZj5Sw==",
      "engines": {
        "node": ">=11.0.0"
      }
    },
    "node_modules/saxes": {
      "version": "5.0.1",
      "resolved": "https://registry.npmjs.org/saxes/-/saxes-5.0.1.tgz",
      "integrity": "sha512-5LBh1Tls8c9xgGjw3QrMwETmTMVk0oFgvrFSvWx62llR2hcEInrKNZ2GZCCuuy2lvWrdl5jhbpeqc5hRYKFOcw==",
      "dependencies": {
        "xmlchars": "^2.2.0"
      },
      "engines": {
        "node": ">=10"
      }
    },
    "node_modules/source-map": {
      "version": "0.5.7",
      "resolved": "https://registry.npmjs.org/source-map/-/source-map-0.5.7.tgz",
      "integrity": "sha512-LbrmJOMUSdEVxIKvdcJzQC+nQhe8FUZQTXQy6+I75skNgn3OoQ0DZA8YnFa7gp8tqtL3KPf1kmo0R5DoApeSGQ==",
      "engines": {
        "node": ">=0.10.0"
      }
    },
    "node_modules/sourcemap-codec": {
      "version": "1.4.8",
      "resolved": "https://registry.npmjs.org/sourcemap-codec/-/sourcemap-codec-1.4.8.tgz",
      "integrity": "sha512-9NykojV5Uih4lgo5So5dtw+f0JgJX30KCNI8gwhz2J9A15wD0Ml6tjHKwf6fTSa6fAdVBdZeNOs9eJ71qCk8vA==",
      "deprecated": "Please use @jridgewell/sourcemap-codec instead"
    },
    "node_modules/string_decoder": {
      "version": "1.1.1",
      "resolved": "https://registry.npmjs.org/string_decoder/-/string_decoder-1.1.1.tgz",
      "integrity": "sha512-n/ShnvDi6FHbbVfviro+WojiFzv+s8MPMHBczVePfUpDJLwoLT0ht1l4YwBCbi8pJAveEEdnkHyPyTP/mzRfwg==",
      "dependencies": {
        "safe-buffer": "~5.1.0"
      }
    },
    "node_modules/strip-ansi": {
      "version": "3.0.1",
      "resolved": "https://registry.npmjs.org/strip-ansi/-/strip-ansi-3.0.1.tgz",
      "integrity": "sha512-VhumSSbBqDTP8p2ZLKj40UjBCV4+v8bUSEpUb4KjRgWk9pbqGF4REFj6KEagidb2f/M6AzC0EmFyDNGaw9OCzg==",
      "dependencies": {
        "ansi-regex": "^2.0.0"
      },
      "engines": {
        "node": ">=0.10.0"
      }
    },
    "node_modules/strip-bom": {
      "version": "4.0.0",
      "resolved": "https://registry.npmjs.org/strip-bom/-/strip-bom-4.0.0.tgz",
      "integrity": "sha512-3xurFv5tEgii33Zi8Jtp55wEIILR9eh34FAW00PZf+JnSsTmV/ioewSgQl97JHvgjoRGwPShsWm+IdrxB35d0w==",
      "engines": {
        "node": ">=8"
      }
    },
    "node_modules/supports-color": {
      "version": "2.0.0",
      "resolved": "https://registry.npmjs.org/supports-color/-/supports-color-2.0.0.tgz",
      "integrity": "sha512-KKNVtd6pCYgPIKU4cp2733HWYCpplQhddZLBUryaAHou723x+FRzQ5Df824Fj+IyyuiQTRoub4SnIFfIcrp70g==",
      "engines": {
        "node": ">=0.8.0"
      }
    },
    "node_modules/symbol-observable": {
      "version": "1.2.0",
      "resolved": "https://registry.npmjs.org/symbol-observable/-/symbol-observable-1.2.0.tgz",
      "integrity": "sha512-e900nM8RRtGhlV36KGEU9k65K3mPb1WV70OdjfxlG2EAuM1noi/E/BaW/uMhL7bPEssK8QV57vN3esixjUvcXQ==",
      "engines": {
        "node": ">=0.10.0"
      }
    },
    "node_modules/three": {
      "version": "0.160.0",
      "resolved": "https://registry.npmjs.org/three/-/three-0.160.0.tgz",
      "integrity": "sha512-DLU8lc0zNIPkM7rH5/e1Ks1Z8tWCGRq6g8mPowdDJpw1CFBJMU7UoJjC6PefXW7z//SSl0b2+GCw14LB+uDhng=="
    },
    "node_modules/through2": {
      "version": "2.0.5",
      "resolved": "https://registry.npmjs.org/through2/-/through2-2.0.5.tgz",
      "integrity": "sha512-/mrRod8xqpA+IHSLyGCQ2s8SPHiCDEeQJSep1jqLYeEUClOFG2Qsh+4FU6G9VeqpZnGW/Su8LQGc4YKni5rYSQ==",
      "dependencies": {
        "readable-stream": "~2.3.6",
        "xtend": "~4.0.1"
      }
    },
    "node_modules/transform-ast": {
      "version": "2.4.4",
      "resolved": "https://registry.npmjs.org/transform-ast/-/transform-ast-2.4.4.tgz",
      "integrity": "sha512-AxjeZAcIOUO2lev2GDe3/xZ1Q0cVGjIMk5IsriTy8zbWlsEnjeB025AhkhBJHoy997mXpLd4R+kRbvnnQVuQHQ==",
      "dependencies": {
        "acorn-node": "^1.3.0",
        "convert-source-map": "^1.5.1",
        "dash-ast": "^1.0.0",
        "is-buffer": "^2.0.0",
        "magic-string": "^0.23.2",
        "merge-source-map": "1.0.4",
        "nanobench": "^2.1.1"
      }
    },
    "node_modules/upper-case": {
      "version": "1.1.3",
      "resolved": "https://registry.npmjs.org/upper-case/-/upper-case-1.1.3.tgz",
      "integrity": "sha512-WRbjgmYzgXkCV7zNVpy5YgrHgbBv126rMALQQMrmzOVC4GM2waQ9x7xtm8VU+1yF2kWyPzI9zbZ48n4vSxwfSA=="
    },
    "node_modules/util-deprecate": {
      "version": "1.0.2",
      "resolved": "https://registry.npmjs.org/util-deprecate/-/util-deprecate-1.0.2.tgz",
      "integrity": "sha512-EPD5q1uXyFxJpCrLnCc1nHnq3gOa6DZBocAIiI2TaSCA7VCJ1UJDMagCzIkXNsUYfD1daK//LTEQ8xiIbrHtcw=="
    },
    "node_modules/webworkify": {
      "version": "1.5.0",
      "resolved": "https://registry.npmjs.org/webworkify/-/webworkify-1.5.0.tgz",
      "integrity": "sha512-AMcUeyXAhbACL8S2hqqdqOLqvJ8ylmIbNwUIqQujRSouf4+eUFaXbG6F1Rbu+srlJMmxQWsiU7mOJi0nMBfM1g=="
    },
    "node_modules/xmlchars": {
      "version": "2.2.0",
      "resolved": "https://registry.npmjs.org/xmlchars/-/xmlchars-2.2.0.tgz",
      "integrity": "sha512-JZnDKK8B0RCDw84FNdDAIpZK+JuJw+s7Lz8nksI7SIuU3UXJJslUthsi+uWBUYOwPFwW7W7PRLRfUKpxjtjFCw=="
    },
    "node_modules/xtend": {
      "version": "4.0.2",
      "resolved": "https://registry.npmjs.org/xtend/-/xtend-4.0.2.tgz",
      "integrity": "sha512-LKYU1iAXJXUgAXn9URjiu+MWhyUXHsvfp7mcuYm9dSUKK0/CjtrUwFAxD82/mCWbtLsGjFIad0wIsod4zrTAEQ==",
      "engines": {
        "node": ">=0.4"
      }
    }
  }
}
